
Microsoft Visual Studio Solution File, Format Version 11.00
# Visual Studio 2010
Project("{FAE04EC0-301F-11D3-BF4B-00C04F79EFBC}") = "Reweave", "Reweave\Reweave.csproj", "{88D1BDE7-6DD7-4740-9F03-BA86CA09E45B}"
	ProjectSection(ProjectDependencies) = postProject
		{9B93A1EC-7555-4299-AA15-B073F8197290} = {9B93A1EC-7555-4299-AA15-B073F8197290}
	EndProjectSection
EndProject
Project("{FAE04EC0-301F-11D3-BF4B-00C04F79EFBC}") = "TestTargetApp", "TestTargetApp\TestTargetApp.csproj", "{9B93A1EC-7555-4299-AA15-B073F8197290}"
EndProject
Global
	GlobalSection(SolutionConfigurationPlatforms) = preSolution
		Debug|Any CPU = Debug|Any CPU
		Debug|Mixed Platforms = Debug|Mixed Platforms
		Debug|x86 = Debug|x86
		Release|Any CPU = Release|Any CPU
		Release|Mixed Platforms = Release|Mixed Platforms
		Release|x86 = Release|x86
	EndGlobalSection
	GlobalSection(ProjectConfigurationPlatforms) = postSolution
		{88D1BDE7-6DD7-4740-9F03-BA86CA09E45B}.Debug|Any CPU.ActiveCfg = Debug|x86
		{88D1BDE7-6DD7-4740-9F03-BA86CA09E45B}.Debug|Mixed Platforms.ActiveCfg = Debug|x86
		{88D1BDE7-6DD7-4740-9F03-BA86CA09E45B}.Debug|Mixed Platforms.Build.0 = Debug|x86
		{88D1BDE7-6DD7-4740-9F03-BA86CA09E45B}.Debug|x86.ActiveCfg = Debug|x86
		{88D1BDE7-6DD7-4740-9F03-BA86CA09E45B}.Debug|x86.Build.0 = Debug|x86
		{88D1BDE7-6DD7-4740-9F03-BA86CA09E45B}.Release|Any CPU.ActiveCfg = Release|x86
		{88D1BDE7-6DD7-4740-9F03-BA86CA09E45B}.Release|Mixed Platforms.ActiveCfg = Release|x86
		{88D1BDE7-6DD7-4740-9F03-BA86CA09E45B}.Release|Mixed Platforms.Build.0 = Release|x86
		{88D1BDE7-6DD7-4740-9F03-BA86CA09E45B}.Release|x86.ActiveCfg = Release|x86
		{88D1BDE7-6DD7-4740-9F03-BA86CA09E45B}.Release|x86.Build.0 = Release|x86
		{9B93A1EC-7555-4299-AA15-B073F8197290}.Debug|Any CPU.ActiveCfg = Debug|x86
		{9B93A1EC-7555-4299-AA15-B073F8197290}.Debug|Mixed Platforms.ActiveCfg = Debug|x86
		{9B93A1EC-7555-4299-AA15-B073F8197290}.Debug|Mixed Platforms.Build.0 = Debug|x86
		{9B93A1EC-7555-4299-AA15-B073F8197290}.Debug|x86.ActiveCfg = Debug|x86
		{9B93A1EC-7555-4299-AA15-B073F8197290}.Debug|x86.Build.0 = Debug|x86
		{9B93A1EC-7555-4299-AA15-B073F8197290}.Release|Any CPU.ActiveCfg = Release|x86
		{9B93A1EC-7555-4299-AA15-B073F8197290}.Release|Mixed Platforms.ActiveCfg = Release|x86
		{9B93A1EC-7555-4299-AA15-B073F8197290}.Release|Mixed Platforms.Build.0 = Release|x86
		{9B93A1EC-7555-4299-AA15-B073F8197290}.Release|x86.ActiveCfg = Release|x86
		{9B93A1EC-7555-4299-AA15-B073F8197290}.Release|x86.Build.0 = Release|x86
	EndGlobalSection
	GlobalSection(SolutionProperties) = preSolution
		HideSolutionNode = FALSE
	EndGlobalSection
EndGlobal
